
Microsoft Visual Studio Solution File, Format Version 12.00
# Visual Studio 14
VisualStudioVersion = 14.0.25420.1
MinimumVisualStudioVersion = 10.0.40219.1
Project("{FAE04EC0-301F-11D3-BF4B-00C04F79EFBC}") = "Assignment1B", "Assignment1B\Assignment1B.csproj", "{206B7DAB-7A87-4046-A326-0838022A2204}"
EndProject
Project("{FAE04EC0-301F-11D3-BF4B-00C04F79EFBC}") = "ctlSvgPlayground", "ctlSvgPlayground\ctlSvgPlayground.csproj", "{B4C3B42D-4A61-4877-A46D-4256ECD2C347}"
EndProject
Project("{FAE04EC0-301F-11D3-BF4B-00C04F79EFBC}") = "ctlSvgPlaygroundTests", "ctlSvgPlaygroundTests\ctlSvgPlaygroundTests.csproj", "{5D063971-4CEB-4E84-9B66-132F75FC11EC}"
EndProject
Global
	GlobalSection(SolutionConfigurationPlatforms) = preSolution
		Debug|Any CPU = Debug|Any CPU
		Release|Any CPU = Release|Any CPU
	EndGlobalSection
	GlobalSection(ProjectConfigurationPlatforms) = postSolution
		{206B7DAB-7A87-4046-A326-0838022A2204}.Debug|Any CPU.ActiveCfg = Debug|Any CPU
		{206B7DAB-7A87-4046-A326-0838022A2204}.Debug|Any CPU.Build.0 = Debug|Any CPU
		{206B7DAB-7A87-4046-A326-0838022A2204}.Release|Any CPU.ActiveCfg = Release|Any CPU
		{206B7DAB-7A87-4046-A326-0838022A2204}.Release|Any CPU.Build.0 = Release|Any CPU
		{B4C3B42D-4A61-4877-A46D-4256ECD2C347}.Debug|Any CPU.ActiveCfg = Debug|Any CPU
		{B4C3B42D-4A61-4877-A46D-4256ECD2C347}.Debug|Any CPU.Build.0 = Debug|Any CPU
		{B4C3B42D-4A61-4877-A46D-4256ECD2C347}.Release|Any CPU.ActiveCfg = Release|Any CPU
		{B4C3B42D-4A61-4877-A46D-4256ECD2C347}.Release|Any CPU.Build.0 = Release|Any CPU
		{5D063971-4CEB-4E84-9B66-132F75FC11EC}.Debug|Any CPU.ActiveCfg = Debug|Any CPU
		{5D063971-4CEB-4E84-9B66-132F75FC11EC}.Debug|Any CPU.Build.0 = Debug|Any CPU
		{5D063971-4CEB-4E84-9B66-132F75FC11EC}.Release|Any CPU.ActiveCfg = Release|Any CPU
		{5D063971-4CEB-4E84-9B66-132F75FC11EC}.Release|Any CPU.Build.0 = Release|Any CPU
	EndGlobalSection
	GlobalSection(SolutionProperties) = preSolution
		HideSolutionNode = FALSE
	EndGlobalSection
	GlobalSection(TeamFoundationVersionControl) = preSolution
		SccNumberOfProjects = 4
		SccEnterpriseProvider = {4CA58AB2-18FA-4F8D-95D4-32DDF27D184C}
		SccTeamFoundationServer = https://isergnet.visualstudio.com/
		SccLocalPath0 = .
		SccProjectUniqueName1 = Assignment1B\\Assignment1B.csproj
		SccProjectName1 = Assignment1B
		SccLocalPath1 = Assignment1B
		SccProjectUniqueName2 = ctlSvgPlayground\\ctlSvgPlayground.csproj
		SccProjectName2 = ctlSvgPlayground
		SccLocalPath2 = ctlSvgPlayground
		SccProjectUniqueName3 = ctlSvgPlaygroundTests\\ctlSvgPlaygroundTests.csproj
		SccProjectName3 = ctlSvgPlaygroundTests
		SccLocalPath3 = ctlSvgPlaygroundTests
	EndGlobalSection
EndGlobal
